{
  "originHash" : "2f13581937a042ae92cd4af17523988fb99c46e1f050e3499334cecfd67476f2",
  "pins" : [
    {
      "identity" : "starscream",
      "kind" : "remoteSourceControl",
      "location" : "https://github.com/daltoniam/Starscream.git",
      "state" : {
        "revision" : "c6bfd1af48efcc9a9ad203665db12375ba6b145a",
        "version" : "4.0.8"
      }
    },
    {
      "identity" : "viewinspector",
      "kind" : "remoteSourceControl",
      "location" : "https://github.com/nalexn/ViewInspector",
      "state" : {
        "revision" : "e9a06346499a3a889165647e3f23f8a7b2609a1c",
        "version" : "0.10.3"
      }
    }
  ],
  "version" : 3
}
